
Microsoft Visual Studio Solution File, Format Version 12.00
# Visual Studio 15
VisualStudioVersion = 15.0.28010.2048
MinimumVisualStudioVersion = 10.0.40219.1
Project("{FAE04EC0-301F-11D3-BF4B-00C04F79EFBC}") = "Свойствф 1", "Свойствф 1\Свойствф 1.csproj", "{7C98CF8B-A791-4B2D-9653-E3BEE146FFF6}"
EndProject
Global
	GlobalSection(SolutionConfigurationPlatforms) = preSolution
		Debug|Any CPU = Debug|Any CPU
		Release|Any CPU = Release|Any CPU
	EndGlobalSection
	GlobalSection(ProjectConfigurationPlatforms) = postSolution
		{7C98CF8B-A791-4B2D-9653-E3BEE146FFF6}.Debug|Any CPU.ActiveCfg = Debug|Any CPU
		{7C98CF8B-A791-4B2D-9653-E3BEE146FFF6}.Debug|Any CPU.Build.0 = Debug|Any CPU
		{7C98CF8B-A791-4B2D-9653-E3BEE146FFF6}.Release|Any CPU.ActiveCfg = Release|Any CPU
		{7C98CF8B-A791-4B2D-9653-E3BEE146FFF6}.Release|Any CPU.Build.0 = Release|Any CPU
	EndGlobalSection
	GlobalSection(SolutionProperties) = preSolution
		HideSolutionNode = FALSE
	EndGlobalSection
	GlobalSection(ExtensibilityGlobals) = postSolution
		SolutionGuid = {CA572987-976D-4539-856E-8C3D1A197B23}
	EndGlobalSection
EndGlobal
